
Microsoft Visual Studio Solution File, Format Version 12.00
# Visual Studio Version 16
VisualStudioVersion = 16.0.30413.136
MinimumVisualStudioVersion = 10.0.40219.1
Project("{9A19103F-16F7-4668-BE54-9A1E7A4F7556}") = "LeetCode1881", "LeetCode1881\LeetCode1881.csproj", "{F589FA42-D86E-4F32-AA1E-A9434BC61254}"
EndProject
Project("{9A19103F-16F7-4668-BE54-9A1E7A4F7556}") = "LeetCode39", "LeetCode39\LeetCode39.csproj", "{28DBBD8C-5827-47F9-A3F9-CB1EEA987AC8}"
EndProject
Project("{9A19103F-16F7-4668-BE54-9A1E7A4F7556}") = "LeetCode402", "LeetCode402\LeetCode402.csproj", "{4044B3D5-0334-43A0-9908-B020E689B676}"
EndProject
Project("{9A19103F-16F7-4668-BE54-9A1E7A4F7556}") = "LeetCode1046", "LeetCode1046\LeetCode1046.csproj", "{5697B0F0-80D7-4745-A14E-4AD2E22092F4}"
EndProject
Project("{9A19103F-16F7-4668-BE54-9A1E7A4F7556}") = "LeetCode171", "LeetCode171\LeetCode171.csproj", "{6C94CFA6-D196-4B5F-AE23-760BDC84AA7C}"
EndProject
Project("{9A19103F-16F7-4668-BE54-9A1E7A4F7556}") = "LeetCode133", "LeetCode133\LeetCode133.csproj", "{D53386BD-B3F5-4DAE-B74E-B070D7AF0484}"
EndProject
Project("{9A19103F-16F7-4668-BE54-9A1E7A4F7556}") = "LeetCode165", "LeetCode165\LeetCode165.csproj", "{1BE939C6-E011-4481-8AD4-BF20958D0A4C}"
EndProject
Project("{9A19103F-16F7-4668-BE54-9A1E7A4F7556}") = "LeetCode148", "LeetCode148\LeetCode148.csproj", "{5DB63BFA-926E-4084-BD91-FED8A53827CD}"
EndProject
Project("{FAE04EC0-301F-11D3-BF4B-00C04F79EFBC}") = "LeetCode1", "LeetCode1\LeetCode1.csproj", "{4C240B2D-EE63-47BA-8046-189C307BD539}"
EndProject
Project("{FAE04EC0-301F-11D3-BF4B-00C04F79EFBC}") = "LeetCode3", "LeetCode3\LeetCode3.csproj", "{DC64B638-EBB7-43AA-A5A4-AF608A4D1FD7}"
EndProject
Global
	GlobalSection(SolutionConfigurationPlatforms) = preSolution
		Debug|Any CPU = Debug|Any CPU
		Release|Any CPU = Release|Any CPU
	EndGlobalSection
	GlobalSection(ProjectConfigurationPlatforms) = postSolution
		{F589FA42-D86E-4F32-AA1E-A9434BC61254}.Debug|Any CPU.ActiveCfg = Debug|Any CPU
		{F589FA42-D86E-4F32-AA1E-A9434BC61254}.Debug|Any CPU.Build.0 = Debug|Any CPU
		{F589FA42-D86E-4F32-AA1E-A9434BC61254}.Release|Any CPU.ActiveCfg = Release|Any CPU
		{F589FA42-D86E-4F32-AA1E-A9434BC61254}.Release|Any CPU.Build.0 = Release|Any CPU
		{28DBBD8C-5827-47F9-A3F9-CB1EEA987AC8}.Debug|Any CPU.ActiveCfg = Debug|Any CPU
		{28DBBD8C-5827-47F9-A3F9-CB1EEA987AC8}.Debug|Any CPU.Build.0 = Debug|Any CPU
		{28DBBD8C-5827-47F9-A3F9-CB1EEA987AC8}.Release|Any CPU.ActiveCfg = Release|Any CPU
		{28DBBD8C-5827-47F9-A3F9-CB1EEA987AC8}.Release|Any CPU.Build.0 = Release|Any CPU
		{4044B3D5-0334-43A0-9908-B020E689B676}.Debug|Any CPU.ActiveCfg = Debug|Any CPU
		{4044B3D5-0334-43A0-9908-B020E689B676}.Debug|Any CPU.Build.0 = Debug|Any CPU
		{4044B3D5-0334-43A0-9908-B020E689B676}.Release|Any CPU.ActiveCfg = Release|Any CPU
		{4044B3D5-0334-43A0-9908-B020E689B676}.Release|Any CPU.Build.0 = Release|Any CPU
		{5697B0F0-80D7-4745-A14E-4AD2E22092F4}.Debug|Any CPU.ActiveCfg = Debug|Any CPU
		{5697B0F0-80D7-4745-A14E-4AD2E22092F4}.Debug|Any CPU.Build.0 = Debug|Any CPU
		{5697B0F0-80D7-4745-A14E-4AD2E22092F4}.Release|Any CPU.ActiveCfg = Release|Any CPU
		{5697B0F0-80D7-4745-A14E-4AD2E22092F4}.Release|Any CPU.Build.0 = Release|Any CPU
		{6C94CFA6-D196-4B5F-AE23-760BDC84AA7C}.Debug|Any CPU.ActiveCfg = Debug|Any CPU
		{6C94CFA6-D196-4B5F-AE23-760BDC84AA7C}.Debug|Any CPU.Build.0 = Debug|Any CPU
		{6C94CFA6-D196-4B5F-AE23-760BDC84AA7C}.Release|Any CPU.ActiveCfg = Release|Any CPU
		{6C94CFA6-D196-4B5F-AE23-760BDC84AA7C}.Release|Any CPU.Build.0 = Release|Any CPU
		{D53386BD-B3F5-4DAE-B74E-B070D7AF0484}.Debug|Any CPU.ActiveCfg = Debug|Any CPU
		{D53386BD-B3F5-4DAE-B74E-B070D7AF0484}.Debug|Any CPU.Build.0 = Debug|Any CPU
		{D53386BD-B3F5-4DAE-B74E-B070D7AF0484}.Release|Any CPU.ActiveCfg = Release|Any CPU
		{D53386BD-B3F5-4DAE-B74E-B070D7AF0484}.Release|Any CPU.Build.0 = Release|Any CPU
		{1BE939C6-E011-4481-8AD4-BF20958D0A4C}.Debug|Any CPU.ActiveCfg = Debug|Any CPU
		{1BE939C6-E011-4481-8AD4-BF20958D0A4C}.Debug|Any CPU.Build.0 = Debug|Any CPU
		{1BE939C6-E011-4481-8AD4-BF20958D0A4C}.Release|Any CPU.ActiveCfg = Release|Any CPU
		{1BE939C6-E011-4481-8AD4-BF20958D0A4C}.Release|Any CPU.Build.0 = Release|Any CPU
		{5DB63BFA-926E-4084-BD91-FED8A53827CD}.Debug|Any CPU.ActiveCfg = Debug|Any CPU
		{5DB63BFA-926E-4084-BD91-FED8A53827CD}.Debug|Any CPU.Build.0 = Debug|Any CPU
		{5DB63BFA-926E-4084-BD91-FED8A53827CD}.Release|Any CPU.ActiveCfg = Release|Any CPU
		{5DB63BFA-926E-4084-BD91-FED8A53827CD}.Release|Any CPU.Build.0 = Release|Any CPU
		{4C240B2D-EE63-47BA-8046-189C307BD539}.Debug|Any CPU.ActiveCfg = Debug|Any CPU
		{4C240B2D-EE63-47BA-8046-189C307BD539}.Debug|Any CPU.Build.0 = Debug|Any CPU
		{4C240B2D-EE63-47BA-8046-189C307BD539}.Release|Any CPU.ActiveCfg = Release|Any CPU
		{4C240B2D-EE63-47BA-8046-189C307BD539}.Release|Any CPU.Build.0 = Release|Any CPU
		{DC64B638-EBB7-43AA-A5A4-AF608A4D1FD7}.Debug|Any CPU.ActiveCfg = Debug|Any CPU
		{DC64B638-EBB7-43AA-A5A4-AF608A4D1FD7}.Debug|Any CPU.Build.0 = Debug|Any CPU
		{DC64B638-EBB7-43AA-A5A4-AF608A4D1FD7}.Release|Any CPU.ActiveCfg = Release|Any CPU
		{DC64B638-EBB7-43AA-A5A4-AF608A4D1FD7}.Release|Any CPU.Build.0 = Release|Any CPU
	EndGlobalSection
	GlobalSection(SolutionProperties) = preSolution
		HideSolutionNode = FALSE
	EndGlobalSection
	GlobalSection(ExtensibilityGlobals) = postSolution
		SolutionGuid = {3E6244F0-E742-4241-841D-E6EE34CA769A}
	EndGlobalSection
EndGlobal
